{
    "_meta": {
        "hash": {
            "sha256": "023832fc004c1838d35227f800b4a42232dbf1e3b37b2826d59b591b297b5172"
        },
        "pipfile-spec": 6,
        "requires": {
            "python_version": "3.5"
        },
        "sources": [
            {
                "name": "pypi",
                "url": "https://pypi.org/simple",
                "verify_ssl": true
            }
        ]
    },
    "default": {
        "django": {
            "hashes": [
                "sha256:9614851d4a7ff8cbd32b73c6076441f377c45a5bbff7e771798fb02c43c31f47",
                "sha256:af18618ce3291be5092893d8522fe3919661bf3a1fb60e3858ae74865a4f07c2"
            ],
            "index": "pypi",
            "version": "==2.0"
        },
        "pytz": {
            "hashes": [
                "sha256:a061aa0a9e06881eb8b3b2b43f05b9439d6583c206d0a6c340ff72a7b6669053",
                "sha256:ffb9ef1de172603304d9d2819af6f5ece76f2e85ec10692a524dd876e72bf277"
            ],
            "version": "==2018.5"
        }
    },
    "develop": {}
}
